
Microsoft Visual Studio Solution File, Format Version 12.00
# Visual Studio 2013
VisualStudioVersion = 12.0.30501.0
MinimumVisualStudioVersion = 10.0.40219.1
Project("{F184B08F-C81C-45F6-A57F-5ABD9991F28F}") = "ShouldDo", "ShouldDo\ShouldDo.vbproj", "{CD8E53D2-B177-494B-AE08-1CEEF98E43D7}"
EndProject
Project("{F184B08F-C81C-45F6-A57F-5ABD9991F28F}") = "ShouldDo.Tests", "ShouldDo.Tests\ShouldDo.Tests.vbproj", "{849A6715-B89B-45BC-AAE6-6147A4654C81}"
EndProject
Project("{F184B08F-C81C-45F6-A57F-5ABD9991F28F}") = "ShouldDoDataLib", "ShouldDoLib\ShouldDoDataLib.vbproj", "{9E2492DD-6358-4E6B-8969-2BDF27E86EB2}"
EndProject
Project("{F184B08F-C81C-45F6-A57F-5ABD9991F28F}") = "ShouldDoDataLib.Tests", "ShouldDoLib.Tests\ShouldDoDataLib.Tests.vbproj", "{9237CEDA-2126-46AD-AF68-77F9389FA2A6}"
EndProject
Project("{F184B08F-C81C-45F6-A57F-5ABD9991F28F}") = "ShouldDoDebug", "ShouldDoDebug\ShouldDoDebug.vbproj", "{717715F6-69F9-42CB-AAE3-815982D39C85}"
EndProject
Project("{F184B08F-C81C-45F6-A57F-5ABD9991F28F}") = "ShouldDoLogicLib", "ShouldDoLogicLib\ShouldDoLogicLib.vbproj", "{90663B91-09C8-4F2F-8B05-FE699706FF78}"
EndProject
Project("{F184B08F-C81C-45F6-A57F-5ABD9991F28F}") = "ShouldDoLogicLib.Tests", "ShouldDoLogicLib.Tests\ShouldDoLogicLib.Tests.vbproj", "{BF6BFA57-8B4C-435A-9243-325D82F0B03F}"
EndProject
Global
	GlobalSection(SolutionConfigurationPlatforms) = preSolution
		Debug|Any CPU = Debug|Any CPU
		Release|Any CPU = Release|Any CPU
	EndGlobalSection
	GlobalSection(ProjectConfigurationPlatforms) = postSolution
		{CD8E53D2-B177-494B-AE08-1CEEF98E43D7}.Debug|Any CPU.ActiveCfg = Debug|Any CPU
		{CD8E53D2-B177-494B-AE08-1CEEF98E43D7}.Debug|Any CPU.Build.0 = Debug|Any CPU
		{CD8E53D2-B177-494B-AE08-1CEEF98E43D7}.Release|Any CPU.ActiveCfg = Release|Any CPU
		{CD8E53D2-B177-494B-AE08-1CEEF98E43D7}.Release|Any CPU.Build.0 = Release|Any CPU
		{849A6715-B89B-45BC-AAE6-6147A4654C81}.Debug|Any CPU.ActiveCfg = Debug|Any CPU
		{849A6715-B89B-45BC-AAE6-6147A4654C81}.Debug|Any CPU.Build.0 = Debug|Any CPU
		{849A6715-B89B-45BC-AAE6-6147A4654C81}.Release|Any CPU.ActiveCfg = Release|Any CPU
		{849A6715-B89B-45BC-AAE6-6147A4654C81}.Release|Any CPU.Build.0 = Release|Any CPU
		{9E2492DD-6358-4E6B-8969-2BDF27E86EB2}.Debug|Any CPU.ActiveCfg = Debug|Any CPU
		{9E2492DD-6358-4E6B-8969-2BDF27E86EB2}.Debug|Any CPU.Build.0 = Debug|Any CPU
		{9E2492DD-6358-4E6B-8969-2BDF27E86EB2}.Release|Any CPU.ActiveCfg = Release|Any CPU
		{9E2492DD-6358-4E6B-8969-2BDF27E86EB2}.Release|Any CPU.Build.0 = Release|Any CPU
		{9237CEDA-2126-46AD-AF68-77F9389FA2A6}.Debug|Any CPU.ActiveCfg = Debug|Any CPU
		{9237CEDA-2126-46AD-AF68-77F9389FA2A6}.Debug|Any CPU.Build.0 = Debug|Any CPU
		{9237CEDA-2126-46AD-AF68-77F9389FA2A6}.Release|Any CPU.ActiveCfg = Release|Any CPU
		{9237CEDA-2126-46AD-AF68-77F9389FA2A6}.Release|Any CPU.Build.0 = Release|Any CPU
		{717715F6-69F9-42CB-AAE3-815982D39C85}.Debug|Any CPU.ActiveCfg = Debug|Any CPU
		{717715F6-69F9-42CB-AAE3-815982D39C85}.Debug|Any CPU.Build.0 = Debug|Any CPU
		{717715F6-69F9-42CB-AAE3-815982D39C85}.Release|Any CPU.ActiveCfg = Release|Any CPU
		{717715F6-69F9-42CB-AAE3-815982D39C85}.Release|Any CPU.Build.0 = Release|Any CPU
		{90663B91-09C8-4F2F-8B05-FE699706FF78}.Debug|Any CPU.ActiveCfg = Debug|Any CPU
		{90663B91-09C8-4F2F-8B05-FE699706FF78}.Debug|Any CPU.Build.0 = Debug|Any CPU
		{90663B91-09C8-4F2F-8B05-FE699706FF78}.Release|Any CPU.ActiveCfg = Release|Any CPU
		{90663B91-09C8-4F2F-8B05-FE699706FF78}.Release|Any CPU.Build.0 = Release|Any CPU
		{BF6BFA57-8B4C-435A-9243-325D82F0B03F}.Debug|Any CPU.ActiveCfg = Debug|Any CPU
		{BF6BFA57-8B4C-435A-9243-325D82F0B03F}.Debug|Any CPU.Build.0 = Debug|Any CPU
		{BF6BFA57-8B4C-435A-9243-325D82F0B03F}.Release|Any CPU.ActiveCfg = Release|Any CPU
		{BF6BFA57-8B4C-435A-9243-325D82F0B03F}.Release|Any CPU.Build.0 = Release|Any CPU
	EndGlobalSection
	GlobalSection(SolutionProperties) = preSolution
		HideSolutionNode = FALSE
	EndGlobalSection
EndGlobal
